
Microsoft Visual Studio Solution File, Format Version 12.00
# Visual Studio Version 17
VisualStudioVersion = 17.12.35209.166
MinimumVisualStudioVersion = 10.0.40219.1
Project("{2150E333-8FDC-42A3-9474-1A3956D46DE8}") = "src", "src", "{03EDC5ED-0330-4EB7-87F1-D607503313CE}"
EndProject
Project("{2150E333-8FDC-42A3-9474-1A3956D46DE8}") = "Services", "Services", "{47710E8E-B204-4BE4-8C3C-21CAEFE5F201}"
EndProject
Project("{2150E333-8FDC-42A3-9474-1A3956D46DE8}") = "CatalogService", "CatalogService", "{BD030944-C5F1-4E99-86C5-810A1323EBF6}"
EndProject
Project("{2150E333-8FDC-42A3-9474-1A3956D46DE8}") = "FilterService", "FilterService", "{F486A595-D58E-4615-886D-DADCE8883073}"
EndProject
Project("{2150E333-8FDC-42A3-9474-1A3956D46DE8}") = "SearchService", "SearchService", "{0AC71939-1414-4073-9196-92362829830A}"
EndProject
Project("{FAE04EC0-301F-11D3-BF4B-00C04F79EFBC}") = "Catalog.API", "src\Services\CatalogService\Catalog.API\Catalog.API.csproj", "{D00C8A03-DFA2-4852-AABB-A0D7F0F952DF}"
EndProject
Project("{FAE04EC0-301F-11D3-BF4B-00C04F79EFBC}") = "Filter.API", "src\Services\FilterService\Filter.API\Filter.API.csproj", "{9DB91E63-360D-45AD-B708-EB4AF66BC897}"
EndProject
Project("{FAE04EC0-301F-11D3-BF4B-00C04F79EFBC}") = "Search.API", "src\Services\SearchService\Search.API\Search.API.csproj", "{7499C825-7B74-4396-9491-539076DE529F}"
EndProject
Project("{2150E333-8FDC-42A3-9474-1A3956D46DE8}") = "Contracts", "Contracts", "{B83AD723-18AA-47EF-BF5C-2F7CE1E3B001}"
EndProject
Project("{FAE04EC0-301F-11D3-BF4B-00C04F79EFBC}") = "Product.Contracts", "src\Contracts\Product.Contracts\Product.Contracts.csproj", "{201E5B30-5AC0-464B-BE64-FE0847E764BB}"
EndProject
Global
	GlobalSection(SolutionConfigurationPlatforms) = preSolution
		Debug|Any CPU = Debug|Any CPU
		Release|Any CPU = Release|Any CPU
	EndGlobalSection
	GlobalSection(ProjectConfigurationPlatforms) = postSolution
		{D00C8A03-DFA2-4852-AABB-A0D7F0F952DF}.Debug|Any CPU.ActiveCfg = Debug|Any CPU
		{D00C8A03-DFA2-4852-AABB-A0D7F0F952DF}.Debug|Any CPU.Build.0 = Debug|Any CPU
		{D00C8A03-DFA2-4852-AABB-A0D7F0F952DF}.Release|Any CPU.ActiveCfg = Release|Any CPU
		{D00C8A03-DFA2-4852-AABB-A0D7F0F952DF}.Release|Any CPU.Build.0 = Release|Any CPU
		{9DB91E63-360D-45AD-B708-EB4AF66BC897}.Debug|Any CPU.ActiveCfg = Debug|Any CPU
		{9DB91E63-360D-45AD-B708-EB4AF66BC897}.Debug|Any CPU.Build.0 = Debug|Any CPU
		{9DB91E63-360D-45AD-B708-EB4AF66BC897}.Release|Any CPU.ActiveCfg = Release|Any CPU
		{9DB91E63-360D-45AD-B708-EB4AF66BC897}.Release|Any CPU.Build.0 = Release|Any CPU
		{7499C825-7B74-4396-9491-539076DE529F}.Debug|Any CPU.ActiveCfg = Debug|Any CPU
		{7499C825-7B74-4396-9491-539076DE529F}.Debug|Any CPU.Build.0 = Debug|Any CPU
		{7499C825-7B74-4396-9491-539076DE529F}.Release|Any CPU.ActiveCfg = Release|Any CPU
		{7499C825-7B74-4396-9491-539076DE529F}.Release|Any CPU.Build.0 = Release|Any CPU
		{201E5B30-5AC0-464B-BE64-FE0847E764BB}.Debug|Any CPU.ActiveCfg = Debug|Any CPU
		{201E5B30-5AC0-464B-BE64-FE0847E764BB}.Debug|Any CPU.Build.0 = Debug|Any CPU
		{201E5B30-5AC0-464B-BE64-FE0847E764BB}.Release|Any CPU.ActiveCfg = Release|Any CPU
		{201E5B30-5AC0-464B-BE64-FE0847E764BB}.Release|Any CPU.Build.0 = Release|Any CPU
	EndGlobalSection
	GlobalSection(SolutionProperties) = preSolution
		HideSolutionNode = FALSE
	EndGlobalSection
	GlobalSection(NestedProjects) = preSolution
		{47710E8E-B204-4BE4-8C3C-21CAEFE5F201} = {03EDC5ED-0330-4EB7-87F1-D607503313CE}
		{BD030944-C5F1-4E99-86C5-810A1323EBF6} = {47710E8E-B204-4BE4-8C3C-21CAEFE5F201}
		{F486A595-D58E-4615-886D-DADCE8883073} = {47710E8E-B204-4BE4-8C3C-21CAEFE5F201}
		{0AC71939-1414-4073-9196-92362829830A} = {47710E8E-B204-4BE4-8C3C-21CAEFE5F201}
		{D00C8A03-DFA2-4852-AABB-A0D7F0F952DF} = {BD030944-C5F1-4E99-86C5-810A1323EBF6}
		{9DB91E63-360D-45AD-B708-EB4AF66BC897} = {F486A595-D58E-4615-886D-DADCE8883073}
		{7499C825-7B74-4396-9491-539076DE529F} = {0AC71939-1414-4073-9196-92362829830A}
		{B83AD723-18AA-47EF-BF5C-2F7CE1E3B001} = {03EDC5ED-0330-4EB7-87F1-D607503313CE}
		{201E5B30-5AC0-464B-BE64-FE0847E764BB} = {B83AD723-18AA-47EF-BF5C-2F7CE1E3B001}
	EndGlobalSection
	GlobalSection(ExtensibilityGlobals) = postSolution
		SolutionGuid = {B1C0D615-5660-48D3-8B7A-3EAC8DB0E7ED}
	EndGlobalSection
EndGlobal
